
Microsoft Visual Studio Solution File, Format Version 12.00
# Visual Studio Version 17
VisualStudioVersion = 17.11.35327.3
MinimumVisualStudioVersion = 10.0.40219.1
Project("{FAE04EC0-301F-11D3-BF4B-00C04F79EFBC}") = "InstaChef", "InstaChef.csproj", "{CCF6ABDE-AB83-4AE0-A559-F84F335FC55A}"
EndProject
Global
	GlobalSection(SolutionConfigurationPlatforms) = preSolution
		Debug|Any CPU = Debug|Any CPU
		Release|Any CPU = Release|Any CPU
	EndGlobalSection
	GlobalSection(ProjectConfigurationPlatforms) = postSolution
		{CCF6ABDE-AB83-4AE0-A559-F84F335FC55A}.Debug|Any CPU.ActiveCfg = Debug|Any CPU
		{CCF6ABDE-AB83-4AE0-A559-F84F335FC55A}.Debug|Any CPU.Build.0 = Debug|Any CPU
		{CCF6ABDE-AB83-4AE0-A559-F84F335FC55A}.Release|Any CPU.ActiveCfg = Release|Any CPU
		{CCF6ABDE-AB83-4AE0-A559-F84F335FC55A}.Release|Any CPU.Build.0 = Release|Any CPU
	EndGlobalSection
	GlobalSection(SolutionProperties) = preSolution
		HideSolutionNode = FALSE
	EndGlobalSection
	GlobalSection(ExtensibilityGlobals) = postSolution
		SolutionGuid = {5B2D7F72-3696-4DEA-B9BE-6D03EEBB99C4}
	EndGlobalSection
EndGlobal
